
Microsoft Visual Studio Solution File, Format Version 12.00
# Visual Studio Version 17
VisualStudioVersion = 17.5.002.0
MinimumVisualStudioVersion = 10.0.40219.1
Project("{9A19103F-16F7-4668-BE54-9A1E7A4F7556}") = "HITUNG LUAS SEGITIGA", "HITUNG LUAS SEGITIGA.csproj", "{B3CF2F68-4506-4F73-ABBD-9D6D14AC051D}"
EndProject
Global
	GlobalSection(SolutionConfigurationPlatforms) = preSolution
		Debug|Any CPU = Debug|Any CPU
		Release|Any CPU = Release|Any CPU
	EndGlobalSection
	GlobalSection(ProjectConfigurationPlatforms) = postSolution
		{B3CF2F68-4506-4F73-ABBD-9D6D14AC051D}.Debug|Any CPU.ActiveCfg = Debug|Any CPU
		{B3CF2F68-4506-4F73-ABBD-9D6D14AC051D}.Debug|Any CPU.Build.0 = Debug|Any CPU
		{B3CF2F68-4506-4F73-ABBD-9D6D14AC051D}.Release|Any CPU.ActiveCfg = Release|Any CPU
		{B3CF2F68-4506-4F73-ABBD-9D6D14AC051D}.Release|Any CPU.Build.0 = Release|Any CPU
	EndGlobalSection
	GlobalSection(SolutionProperties) = preSolution
		HideSolutionNode = FALSE
	EndGlobalSection
	GlobalSection(ExtensibilityGlobals) = postSolution
		SolutionGuid = {9CBB2069-5E07-417A-A8E4-8DCC40FFB8E9}
	EndGlobalSection
EndGlobal
